
Microsoft Visual Studio Solution File, Format Version 12.00
# Visual Studio 15
Project("{FAE04EC0-301F-11D3-BF4B-00C04F79EFBC}") = "Milestone1", "Milestone1\Milestone1.csproj", "{B38FC480-F378-4FFA-88A7-BE7CD9CF4F51}"
EndProject
Global
	GlobalSection(SolutionConfigurationPlatforms) = preSolution
		Debug|anycpu = Debug|anycpu
		Release|anycpu = Release|anycpu
	EndGlobalSection
	GlobalSection(ProjectConfigurationPlatforms) = postSolution
		{B38FC480-F378-4FFA-88A7-BE7CD9CF4F51}.Debug|anycpu.ActiveCfg = Debug|anycpu
		{B38FC480-F378-4FFA-88A7-BE7CD9CF4F51}.Debug|anycpu.Build.0 = Debug|anycpu
		{B38FC480-F378-4FFA-88A7-BE7CD9CF4F51}.Release|anycpu.ActiveCfg = Release|anycpu
		{B38FC480-F378-4FFA-88A7-BE7CD9CF4F51}.Release|anycpu.Build.0 = Release|anycpu
	EndGlobalSection
EndGlobal
