
Microsoft Visual Studio Solution File, Format Version 12.00
# Visual Studio 15
Project("{FAE04EC0-301F-11D3-BF4B-00C04F79EFBC}") = "KnightsTour", "KnightsTour\KnightsTour.csproj", "{F952BF45-E4B8-400D-A4DE-E0F924CE8C93}"
EndProject
Global
	GlobalSection(SolutionConfigurationPlatforms) = preSolution
		Debug|anycpu = Debug|anycpu
		Release|anycpu = Release|anycpu
	EndGlobalSection
	GlobalSection(ProjectConfigurationPlatforms) = postSolution
		{F952BF45-E4B8-400D-A4DE-E0F924CE8C93}.Debug|anycpu.ActiveCfg = Debug|anycpu
		{F952BF45-E4B8-400D-A4DE-E0F924CE8C93}.Debug|anycpu.Build.0 = Debug|anycpu
		{F952BF45-E4B8-400D-A4DE-E0F924CE8C93}.Release|anycpu.ActiveCfg = Release|anycpu
		{F952BF45-E4B8-400D-A4DE-E0F924CE8C93}.Release|anycpu.Build.0 = Release|anycpu
	EndGlobalSection
EndGlobal
